
Microsoft Visual Studio Solution File, Format Version 12.00
# Visual Studio Version 17
VisualStudioVersion = 17.8.34525.116
MinimumVisualStudioVersion = 10.0.40219.1
Project("{00D1A9C2-B5F0-4AF3-8072-F6C62B433612}") = "TEMPDB", "TEMPDB\TEMPDB.sqlproj", "{756B506E-04B9-47FD-9159-D643C2ACB725}"
EndProject
Global
	GlobalSection(SolutionConfigurationPlatforms) = preSolution
		Debug|Any CPU = Debug|Any CPU
		Release|Any CPU = Release|Any CPU
	EndGlobalSection
	GlobalSection(ProjectConfigurationPlatforms) = postSolution
		{756B506E-04B9-47FD-9159-D643C2ACB725}.Debug|Any CPU.ActiveCfg = Debug|Any CPU
		{756B506E-04B9-47FD-9159-D643C2ACB725}.Debug|Any CPU.Build.0 = Debug|Any CPU
		{756B506E-04B9-47FD-9159-D643C2ACB725}.Debug|Any CPU.Deploy.0 = Debug|Any CPU
		{756B506E-04B9-47FD-9159-D643C2ACB725}.Release|Any CPU.ActiveCfg = Release|Any CPU
		{756B506E-04B9-47FD-9159-D643C2ACB725}.Release|Any CPU.Build.0 = Release|Any CPU
		{756B506E-04B9-47FD-9159-D643C2ACB725}.Release|Any CPU.Deploy.0 = Release|Any CPU
	EndGlobalSection
	GlobalSection(SolutionProperties) = preSolution
		HideSolutionNode = FALSE
	EndGlobalSection
	GlobalSection(ExtensibilityGlobals) = postSolution
		SolutionGuid = {B6C526D6-EE3C-4795-BF08-A39BBBEA7426}
	EndGlobalSection
EndGlobal
